
Microsoft Visual Studio Solution File, Format Version 12.00
# Visual Studio Version 16
VisualStudioVersion = 16.0.31105.61
MinimumVisualStudioVersion = 10.0.40219.1
Project("{8BC9CEB8-8B4A-11D0-8D11-00A0C91BC942}") = "YunTing_宠物店管理系统", "YunTing_宠物店管理系统.vcxproj", "{CD552A05-8E36-4D3E-B57E-CAA3040D5AE3}"
EndProject
Project("{54435603-DBB4-11D2-8724-00A0C9A8B90C}") = "宠物管理系统安装包01", "..\宠物管理系统安装包01\宠物管理系统安装包01.vdproj", "{04068C0F-1504-4E62-81E5-057F511C94EC}"
EndProject
Global
	GlobalSection(SolutionConfigurationPlatforms) = preSolution
		Debug|x64 = Debug|x64
		Debug|x86 = Debug|x86
		Release|x64 = Release|x64
		Release|x86 = Release|x86
	EndGlobalSection
	GlobalSection(ProjectConfigurationPlatforms) = postSolution
		{CD552A05-8E36-4D3E-B57E-CAA3040D5AE3}.Debug|x64.ActiveCfg = Debug|x64
		{CD552A05-8E36-4D3E-B57E-CAA3040D5AE3}.Debug|x64.Build.0 = Debug|x64
		{CD552A05-8E36-4D3E-B57E-CAA3040D5AE3}.Debug|x86.ActiveCfg = Debug|Win32
		{CD552A05-8E36-4D3E-B57E-CAA3040D5AE3}.Debug|x86.Build.0 = Debug|Win32
		{CD552A05-8E36-4D3E-B57E-CAA3040D5AE3}.Release|x64.ActiveCfg = Release|x64
		{CD552A05-8E36-4D3E-B57E-CAA3040D5AE3}.Release|x64.Build.0 = Release|x64
		{CD552A05-8E36-4D3E-B57E-CAA3040D5AE3}.Release|x86.ActiveCfg = Release|Win32
		{CD552A05-8E36-4D3E-B57E-CAA3040D5AE3}.Release|x86.Build.0 = Release|Win32
		{04068C0F-1504-4E62-81E5-057F511C94EC}.Debug|x64.ActiveCfg = Debug
		{04068C0F-1504-4E62-81E5-057F511C94EC}.Debug|x86.ActiveCfg = Debug
		{04068C0F-1504-4E62-81E5-057F511C94EC}.Release|x64.ActiveCfg = Release
		{04068C0F-1504-4E62-81E5-057F511C94EC}.Release|x86.ActiveCfg = Release
	EndGlobalSection
	GlobalSection(SolutionProperties) = preSolution
		HideSolutionNode = FALSE
	EndGlobalSection
	GlobalSection(ExtensibilityGlobals) = postSolution
		SolutionGuid = {F24E97B8-1C8F-44DA-9634-B9A744D7A54B}
	EndGlobalSection
EndGlobal
